
Microsoft Visual Studio Solution File, Format Version 12.00
# Visual Studio Version 16
VisualStudioVersion = 16.0.31729.503
MinimumVisualStudioVersion = 10.0.40219.1
Project("{8BC9CEB8-8B4A-11D0-8D11-00A0C91BC942}") = "TestTypeCastingByPointer", "TestTypeCastingByPointer\TestTypeCastingByPointer.vcxproj", "{6C5CDA6E-FF6E-4CAC-97C5-172084FA1CEA}"
EndProject
Global
	GlobalSection(SolutionConfigurationPlatforms) = preSolution
		Debug|x64 = Debug|x64
		Debug|x86 = Debug|x86
		Release|x64 = Release|x64
		Release|x86 = Release|x86
	EndGlobalSection
	GlobalSection(ProjectConfigurationPlatforms) = postSolution
		{6C5CDA6E-FF6E-4CAC-97C5-172084FA1CEA}.Debug|x64.ActiveCfg = Debug|x64
		{6C5CDA6E-FF6E-4CAC-97C5-172084FA1CEA}.Debug|x64.Build.0 = Debug|x64
		{6C5CDA6E-FF6E-4CAC-97C5-172084FA1CEA}.Debug|x86.ActiveCfg = Debug|Win32
		{6C5CDA6E-FF6E-4CAC-97C5-172084FA1CEA}.Debug|x86.Build.0 = Debug|Win32
		{6C5CDA6E-FF6E-4CAC-97C5-172084FA1CEA}.Release|x64.ActiveCfg = Release|x64
		{6C5CDA6E-FF6E-4CAC-97C5-172084FA1CEA}.Release|x64.Build.0 = Release|x64
		{6C5CDA6E-FF6E-4CAC-97C5-172084FA1CEA}.Release|x86.ActiveCfg = Release|Win32
		{6C5CDA6E-FF6E-4CAC-97C5-172084FA1CEA}.Release|x86.Build.0 = Release|Win32
	EndGlobalSection
	GlobalSection(SolutionProperties) = preSolution
		HideSolutionNode = FALSE
	EndGlobalSection
	GlobalSection(ExtensibilityGlobals) = postSolution
		SolutionGuid = {1B380E74-CE05-4707-AC31-A1B95845E87A}
	EndGlobalSection
EndGlobal
